
Microsoft Visual Studio Solution File, Format Version 12.00
# Visual Studio Version 16
VisualStudioVersion = 16.0.32413.511
MinimumVisualStudioVersion = 10.0.40219.1
Project("{FAE04EC0-301F-11D3-BF4B-00C04F79EFBC}") = "Entities", "Entities\Entities.csproj", "{1B944D79-D06D-4370-94D6-A90D05690FE3}"
EndProject
Global
	GlobalSection(SolutionConfigurationPlatforms) = preSolution
		Debug|Any CPU = Debug|Any CPU
		Release|Any CPU = Release|Any CPU
	EndGlobalSection
	GlobalSection(ProjectConfigurationPlatforms) = postSolution
		{1B944D79-D06D-4370-94D6-A90D05690FE3}.Debug|Any CPU.ActiveCfg = Debug|Any CPU
		{1B944D79-D06D-4370-94D6-A90D05690FE3}.Debug|Any CPU.Build.0 = Debug|Any CPU
		{1B944D79-D06D-4370-94D6-A90D05690FE3}.Release|Any CPU.ActiveCfg = Release|Any CPU
		{1B944D79-D06D-4370-94D6-A90D05690FE3}.Release|Any CPU.Build.0 = Release|Any CPU
	EndGlobalSection
	GlobalSection(SolutionProperties) = preSolution
		HideSolutionNode = FALSE
	EndGlobalSection
	GlobalSection(ExtensibilityGlobals) = postSolution
		SolutionGuid = {41523725-B6F4-49EE-9B18-7497D1DBAF66}
	EndGlobalSection
EndGlobal
