
Microsoft Visual Studio Solution File, Format Version 12.00
# Visual Studio Version 16
VisualStudioVersion = 16.0.32413.511
MinimumVisualStudioVersion = 10.0.40219.1
Project("{9A19103F-16F7-4668-BE54-9A1E7A4F7556}") = "Entities", "Entities\Entities.csproj", "{1B944D79-D06D-4370-94D6-A90D05690FE3}"
EndProject
Project("{9A19103F-16F7-4668-BE54-9A1E7A4F7556}") = "Core", "Core\Core.csproj", "{D82E11C5-5A17-4ECE-921D-9F0A31A42075}"
EndProject
Project("{FAE04EC0-301F-11D3-BF4B-00C04F79EFBC}") = "DataAccess", "DataAccess\DataAccess.csproj", "{B085C3B5-4C00-445D-AD1B-3B04EC640FEA}"
EndProject
Project("{FAE04EC0-301F-11D3-BF4B-00C04F79EFBC}") = "Business", "Business\Business.csproj", "{1E16725B-5C63-42CF-A7FF-5A445E7808DB}"
EndProject
Project("{FAE04EC0-301F-11D3-BF4B-00C04F79EFBC}") = "WebAPI", "WebAPI\WebAPI.csproj", "{DC8739AA-242C-4E24-B1E4-FEEB3B5D3363}"
EndProject
Global
	GlobalSection(SolutionConfigurationPlatforms) = preSolution
		Debug|Any CPU = Debug|Any CPU
		Release|Any CPU = Release|Any CPU
	EndGlobalSection
	GlobalSection(ProjectConfigurationPlatforms) = postSolution
		{1B944D79-D06D-4370-94D6-A90D05690FE3}.Debug|Any CPU.ActiveCfg = Debug|Any CPU
		{1B944D79-D06D-4370-94D6-A90D05690FE3}.Debug|Any CPU.Build.0 = Debug|Any CPU
		{1B944D79-D06D-4370-94D6-A90D05690FE3}.Release|Any CPU.ActiveCfg = Release|Any CPU
		{1B944D79-D06D-4370-94D6-A90D05690FE3}.Release|Any CPU.Build.0 = Release|Any CPU
		{D82E11C5-5A17-4ECE-921D-9F0A31A42075}.Debug|Any CPU.ActiveCfg = Debug|Any CPU
		{D82E11C5-5A17-4ECE-921D-9F0A31A42075}.Debug|Any CPU.Build.0 = Debug|Any CPU
		{D82E11C5-5A17-4ECE-921D-9F0A31A42075}.Release|Any CPU.ActiveCfg = Release|Any CPU
		{D82E11C5-5A17-4ECE-921D-9F0A31A42075}.Release|Any CPU.Build.0 = Release|Any CPU
		{B085C3B5-4C00-445D-AD1B-3B04EC640FEA}.Debug|Any CPU.ActiveCfg = Debug|Any CPU
		{B085C3B5-4C00-445D-AD1B-3B04EC640FEA}.Debug|Any CPU.Build.0 = Debug|Any CPU
		{B085C3B5-4C00-445D-AD1B-3B04EC640FEA}.Release|Any CPU.ActiveCfg = Release|Any CPU
		{B085C3B5-4C00-445D-AD1B-3B04EC640FEA}.Release|Any CPU.Build.0 = Release|Any CPU
		{1E16725B-5C63-42CF-A7FF-5A445E7808DB}.Debug|Any CPU.ActiveCfg = Debug|Any CPU
		{1E16725B-5C63-42CF-A7FF-5A445E7808DB}.Debug|Any CPU.Build.0 = Debug|Any CPU
		{1E16725B-5C63-42CF-A7FF-5A445E7808DB}.Release|Any CPU.ActiveCfg = Release|Any CPU
		{1E16725B-5C63-42CF-A7FF-5A445E7808DB}.Release|Any CPU.Build.0 = Release|Any CPU
		{DC8739AA-242C-4E24-B1E4-FEEB3B5D3363}.Debug|Any CPU.ActiveCfg = Debug|Any CPU
		{DC8739AA-242C-4E24-B1E4-FEEB3B5D3363}.Debug|Any CPU.Build.0 = Debug|Any CPU
		{DC8739AA-242C-4E24-B1E4-FEEB3B5D3363}.Release|Any CPU.ActiveCfg = Release|Any CPU
		{DC8739AA-242C-4E24-B1E4-FEEB3B5D3363}.Release|Any CPU.Build.0 = Release|Any CPU
	EndGlobalSection
	GlobalSection(SolutionProperties) = preSolution
		HideSolutionNode = FALSE
	EndGlobalSection
	GlobalSection(ExtensibilityGlobals) = postSolution
		SolutionGuid = {41523725-B6F4-49EE-9B18-7497D1DBAF66}
	EndGlobalSection
EndGlobal
